
Microsoft Visual Studio Solution File, Format Version 12.00
# Visual Studio Version 17
VisualStudioVersion = 17.11.35208.52
MinimumVisualStudioVersion = 10.0.40219.1
Project("{FAE04EC0-301F-11D3-BF4B-00C04F79EFBC}") = "MisprimerasApis", "MisprimerasApis\MisprimerasApis.csproj", "{53F2BE7D-402B-4B0A-9DB3-47BA824101CD}"
EndProject
Global
	GlobalSection(SolutionConfigurationPlatforms) = preSolution
		Debug|Any CPU = Debug|Any CPU
		Release|Any CPU = Release|Any CPU
	EndGlobalSection
	GlobalSection(ProjectConfigurationPlatforms) = postSolution
		{53F2BE7D-402B-4B0A-9DB3-47BA824101CD}.Debug|Any CPU.ActiveCfg = Debug|Any CPU
		{53F2BE7D-402B-4B0A-9DB3-47BA824101CD}.Debug|Any CPU.Build.0 = Debug|Any CPU
		{53F2BE7D-402B-4B0A-9DB3-47BA824101CD}.Release|Any CPU.ActiveCfg = Release|Any CPU
		{53F2BE7D-402B-4B0A-9DB3-47BA824101CD}.Release|Any CPU.Build.0 = Release|Any CPU
	EndGlobalSection
	GlobalSection(SolutionProperties) = preSolution
		HideSolutionNode = FALSE
	EndGlobalSection
	GlobalSection(ExtensibilityGlobals) = postSolution
		SolutionGuid = {BCD517DD-BD31-4D5B-8DB7-3212C08BBE06}
	EndGlobalSection
EndGlobal
